PODS:
  - Alamofire (4.7.0)
  - SVProgressHUD (2.2.5)

DEPENDENCIES:
  - Alamofire (~> 4.0)
  - SVProgressHUD

SPEC CHECKSUMS:
  Alamofire: 907e0a98eb68cdb7f9d1f541a563d6ac5dc77b25
  SVProgressHUD: 1428aafac632c1f86f62aa4243ec12008d7a51d6

PODFILE CHECKSUM: c8d47e6f155ff9dcb0a9c7e8b95515e12b75b935

COCOAPODS: 1.4.0
